
Microsoft Visual Studio Solution File, Format Version 11.00
# Visual Studio 2010
Project("{FAE04EC0-301F-11D3-BF4B-00C04F79EFBC}") = "MultiThreadConnect", "MultiThreadConnect\MultiThreadConnect.csproj", "{6255608D-77FF-41F1-90C9-B5961668B46F}"
EndProject
Project("{FAE04EC0-301F-11D3-BF4B-00C04F79EFBC}") = "MultiThreadConnectTest", "MultiThreadConnectTest\MultiThreadConnectTest.csproj", "{6080A025-C12C-400F-8744-6A208D97C544}"
EndProject
Global
	GlobalSection(SolutionConfigurationPlatforms) = preSolution
		Debug|x86 = Debug|x86
		Release|x86 = Release|x86
	EndGlobalSection
	GlobalSection(ProjectConfigurationPlatforms) = postSolution
		{6255608D-77FF-41F1-90C9-B5961668B46F}.Debug|x86.ActiveCfg = Debug|x86
		{6255608D-77FF-41F1-90C9-B5961668B46F}.Debug|x86.Build.0 = Debug|x86
		{6255608D-77FF-41F1-90C9-B5961668B46F}.Release|x86.ActiveCfg = Release|x86
		{6255608D-77FF-41F1-90C9-B5961668B46F}.Release|x86.Build.0 = Release|x86
		{6080A025-C12C-400F-8744-6A208D97C544}.Debug|x86.ActiveCfg = Debug|x86
		{6080A025-C12C-400F-8744-6A208D97C544}.Debug|x86.Build.0 = Debug|x86
		{6080A025-C12C-400F-8744-6A208D97C544}.Release|x86.ActiveCfg = Release|x86
		{6080A025-C12C-400F-8744-6A208D97C544}.Release|x86.Build.0 = Release|x86
	EndGlobalSection
	GlobalSection(SolutionProperties) = preSolution
		HideSolutionNode = FALSE
	EndGlobalSection
EndGlobal
